
Microsoft Visual Studio Solution File, Format Version 12.00
# Visual Studio Version 17
VisualStudioVersion = 17.9.34714.143
MinimumVisualStudioVersion = 10.0.40219.1
Project("{FAE04EC0-301F-11D3-BF4B-00C04F79EFBC}") = "Employees_Companies", "Employees_Companies\Employees_Companies.csproj", "{2F8C99CB-5F25-4CF5-99A1-1785A8CCB216}"
EndProject
Global
	GlobalSection(SolutionConfigurationPlatforms) = preSolution
		Debug|Any CPU = Debug|Any CPU
		Release|Any CPU = Release|Any CPU
	EndGlobalSection
	GlobalSection(ProjectConfigurationPlatforms) = postSolution
		{2F8C99CB-5F25-4CF5-99A1-1785A8CCB216}.Debug|Any CPU.ActiveCfg = Debug|Any CPU
		{2F8C99CB-5F25-4CF5-99A1-1785A8CCB216}.Debug|Any CPU.Build.0 = Debug|Any CPU
		{2F8C99CB-5F25-4CF5-99A1-1785A8CCB216}.Release|Any CPU.ActiveCfg = Release|Any CPU
		{2F8C99CB-5F25-4CF5-99A1-1785A8CCB216}.Release|Any CPU.Build.0 = Release|Any CPU
	EndGlobalSection
	GlobalSection(SolutionProperties) = preSolution
		HideSolutionNode = FALSE
	EndGlobalSection
	GlobalSection(ExtensibilityGlobals) = postSolution
		SolutionGuid = {8035A0C8-AEE4-4A70-A261-663EEE6061A7}
	EndGlobalSection
EndGlobal
